// !$*UTF8*$!
{
	archiveVersion = 1;
	classes = {
	};
	objectVersion = 51;
	objects = {

/* Begin PBXBuildFile section */
		663593CA500F619D76E141CD /* Pods_Rent95.framework in Frameworks */ = {isa = PBXBuildFile; fileRef = A9737313D1679D541738F227 /* Pods_Rent95.framework */; };
		D560F400243455A30009ACF2 /* WebKit.framework in Frameworks */ = {isa = PBXBuildFile; fileRef = D560F3FF243455A30009ACF2 /* WebKit.framework */; };
		D56FAC6F241D1D540062E4A2 /* GoogleService-Info.plist in Resources */ = {isa = PBXBuildFile; fileRef = D56FAC6E241D1D540062E4A2 /* GoogleService-Info.plist */; };
		D5BAA90F2434859A003FDD31 /* AppScheme.swift in Sources */ = {isa = PBXBuildFile; fileRef = D5BAA90E2434859A003FDD31 /* AppScheme.swift */; };
		D5BAA912243486E6003FDD31 /* AppNavigation.swift in Sources */ = {isa = PBXBuildFile; fileRef = D5BAA911243486E6003FDD31 /* AppNavigation.swift */; };
		D5D264B0241D0E29007C72E6 /* AppDelegate.swift in Sources */ = {isa = PBXBuildFile; fileRef = D5D264AF241D0E29007C72E6 /* AppDelegate.swift */; };
		D5D264B2241D0E29007C72E6 /* SceneDelegate.swift in Sources */ = {isa = PBXBuildFile; fileRef = D5D264B1241D0E29007C72E6 /* SceneDelegate.swift */; };
		D5D264B4241D0E29007C72E6 /* ViewController.swift in Sources */ = {isa = PBXBuildFile; fileRef = D5D264B3241D0E29007C72E6 /* ViewController.swift */; };
		D5D264B7241D0E29007C72E6 /* Main.storyboard in Resources */ = {isa = PBXBuildFile; fileRef = D5D264B5241D0E29007C72E6 /* Main.storyboard */; };
		D5D264B9241D0E2A007C72E6 /* Assets.xcassets in Resources */ = {isa = PBXBuildFile; fileRef = D5D264B8241D0E2A007C72E6 /* Assets.xcassets */; };
		D5D264BC241D0E2A007C72E6 /* LaunchScreen.storyboard in Resources */ = {isa = PBXBuildFile; fileRef = D5D264BA241D0E2A007C72E6 /* LaunchScreen.storyboard */; };
		D5D264C5241D113C007C72E6 /* Localizable.strings in Resources */ = {isa = PBXBuildFile; fileRef = D5D264C7241D113C007C72E6 /* Localizable.strings */; };
		D5D264CD241D16E0007C72E6 /* CustomUIButton.swift in Sources */ = {isa = PBXBuildFile; fileRef = D5D264CC241D16E0007C72E6 /* CustomUIButton.swift */; };
		D5D264CF241D1714007C72E6 /* CustomUIView.swift in Sources */ = {isa = PBXBuildFile; fileRef = D5D264CE241D1714007C72E6 /* CustomUIView.swift */; };
		D5D264D5241D178C007C72E6 /* InternetViewController.swift in Sources */ = {isa = PBXBuildFile; fileRef = D5D264D4241D178C007C72E6 /* InternetViewController.swift */; };
/* End PBXBuildFile section */

/* Begin PBXFileReference section */
		A9737313D1679D541738F227 /* Pods_Rent95.framework */ = {isa = PBXFileReference; explicitFileType = wrapper.framework; includeInIndex = 0; path = Pods_Rent95.framework; sourceTree = BUILT_PRODUCTS_DIR; };
		D25B20554E7CA3238E2F7433 /* Pods-Rent95.release.xcconfig */ = {isa = PBXFileReference; includeInIndex = 1; lastKnownFileType = text.xcconfig; name = "Pods-Rent95.release.xcconfig"; path = "Target Support Files/Pods-Rent95/Pods-Rent95.release.xcconfig"; sourceTree = "<group>"; };
		D560F3FF243455A30009ACF2 /* WebKit.framework */ = {isa = PBXFileReference; lastKnownFileType = wrapper.framework; name = WebKit.framework; path = System/Library/Frameworks/WebKit.framework; sourceTree = SDKROOT; };
		D56FAC6E241D1D540062E4A2 /* GoogleService-Info.plist */ = {isa = PBXFileReference; fileEncoding = 4; lastKnownFileType = text.plist.xml; path = "GoogleService-Info.plist"; sourceTree = "<group>"; };
		D595533C4F9690A9AC99BB8D /* Pods-Rent95.debug.xcconfig */ = {isa = PBXFileReference; includeInIndex = 1; lastKnownFileType = text.xcconfig; name = "Pods-Rent95.debug.xcconfig"; path = "Target Support Files/Pods-Rent95/Pods-Rent95.debug.xcconfig"; sourceTree = "<group>"; };
		D5BAA90E2434859A003FDD31 /* AppScheme.swift */ = {isa = PBXFileReference; lastKnownFileType = sourcecode.swift; path = AppScheme.swift; sourceTree = "<group>"; };
		D5BAA911243486E6003FDD31 /* AppNavigation.swift */ = {isa = PBXFileReference; lastKnownFileType = sourcecode.swift; path = AppNavigation.swift; sourceTree = "<group>"; };
		D5D264AC241D0E29007C72E6 /* Rent95.app */ = {isa = PBXFileReference; explicitFileType = wrapper.application; includeInIndex = 0; path = Rent95.app; sourceTree = BUILT_PRODUCTS_DIR; };
		D5D264AF241D0E29007C72E6 /* AppDelegate.swift */ = {isa = PBXFileReference; lastKnownFileType = sourcecode.swift; path = AppDelegate.swift; sourceTree = "<group>"; };
		D5D264B1241D0E29007C72E6 /* SceneDelegate.swift */ = {isa = PBXFileReference; lastKnownFileType = sourcecode.swift; path = SceneDelegate.swift; sourceTree = "<group>"; };
		D5D264B3241D0E29007C72E6 /* ViewController.swift */ = {isa = PBXFileReference; lastKnownFileType = sourcecode.swift; path = ViewController.swift; sourceTree = "<group>"; };
		D5D264B6241D0E29007C72E6 /* Base */ = {isa = PBXFileReference; lastKnownFileType = file.storyboard; name = Base; path = Base.lproj/Main.storyboard; sourceTree = "<group>"; };
		D5D264B8241D0E2A007C72E6 /* Assets.xcassets */ = {isa = PBXFileReference; lastKnownFileType = folder.assetcatalog; path = Assets.xcassets; sourceTree = "<group>"; };
		D5D264BB241D0E2A007C72E6 /* Base */ = {isa = PBXFileReference; lastKnownFileType = file.storyboard; name = Base; path = Base.lproj/LaunchScreen.storyboard; sourceTree = "<group>"; };
		D5D264BD241D0E2A007C72E6 /* Info.plist */ = {isa = PBXFileReference; lastKnownFileType = text.plist.xml; path = Info.plist; sourceTree = "<group>"; };
		D5D264C6241D113C007C72E6 /* en */ = {isa = PBXFileReference; lastKnownFileType = text.plist.strings; name = en; path = en.lproj/Localizable.strings; sourceTree = "<group>"; };
		D5D264CC241D16E0007C72E6 /* CustomUIButton.swift */ = {isa = PBXFileReference; lastKnownFileType = sourcecode.swift; path = CustomUIButton.swift; sourceTree = "<group>"; };
		D5D264CE241D1714007C72E6 /* CustomUIView.swift */ = {isa = PBXFileReference; lastKnownFileType = sourcecode.swift; path = CustomUIView.swift; sourceTree = "<group>"; };
		D5D264D4241D178C007C72E6 /* InternetViewController.swift */ = {isa = PBXFileReference; lastKnownFileType = sourcecode.swift; path = InternetViewController.swift; sourceTree = "<group>"; };
		D5D264D6241D1A0F007C72E6 /* ru */ = {isa = PBXFileReference; lastKnownFileType = text.plist.strings; name = ru; path = ru.lproj/Main.strings; sourceTree = "<group>"; };
		D5D264D7241D1A0F007C72E6 /* ru */ = {isa = PBXFileReference; lastKnownFileType = text.plist.strings; name = ru; path = ru.lproj/Localizable.strings; sourceTree = "<group>"; };
		D5D264D8241D1A22007C72E6 /* uk */ = {isa = PBXFileReference; lastKnownFileType = text.plist.strings; name = uk; path = uk.lproj/Main.strings; sourceTree = "<group>"; };
		D5D264D9241D1A22007C72E6 /* uk */ = {isa = PBXFileReference; lastKnownFileType = text.plist.strings; name = uk; path = uk.lproj/Localizable.strings; sourceTree = "<group>"; };
/* End PBXFileReference section */

/* Begin PBXFrameworksBuildPhase section */
		D5D264A9241D0E29007C72E6 /* Frameworks */ = {
			isa = PBXFrameworksBuildPhase;
			buildActionMask = 2147483647;
			files = (
				D560F400243455A30009ACF2 /* WebKit.framework in Frameworks */,
				663593CA500F619D76E141CD /* Pods_Rent95.framework in Frameworks */,
			);
			runOnlyForDeploymentPostprocessing = 0;
		};
/* End PBXFrameworksBuildPhase section */

/* Begin PBXGroup section */
		257C5BF1164E63BB271A1AB6 /* Frameworks */ = {
			isa = PBXGroup;
			children = (
				D560F3FF243455A30009ACF2 /* WebKit.framework */,
				A9737313D1679D541738F227 /* Pods_Rent95.framework */,
			);
			name = Frameworks;
			sourceTree = "<group>";
		};
		461B7C53D00B55209018D901 /* Pods */ = {
			isa = PBXGroup;
			children = (
				D595533C4F9690A9AC99BB8D /* Pods-Rent95.debug.xcconfig */,
				D25B20554E7CA3238E2F7433 /* Pods-Rent95.release.xcconfig */,
			);
			path = Pods;
			sourceTree = "<group>";
		};
		D5880C5924347B1100F48C94 /* View */ = {
			isa = PBXGroup;
			children = (
				D5D264CC241D16E0007C72E6 /* CustomUIButton.swift */,
				D5D264CE241D1714007C72E6 /* CustomUIView.swift */,
			);
			path = View;
			sourceTree = "<group>";
		};
		D5880C5A24347B9400F48C94 /* Service */ = {
			isa = PBXGroup;
			children = (
				D5BAA911243486E6003FDD31 /* AppNavigation.swift */,
			);
			path = Service;
			sourceTree = "<group>";
		};
		D5880C5B24347BA300F48C94 /* Controller */ = {
			isa = PBXGroup;
			children = (
				D5D264B3241D0E29007C72E6 /* ViewController.swift */,
				D5D264D4241D178C007C72E6 /* InternetViewController.swift */,
			);
			path = Controller;
			sourceTree = "<group>";
		};
		D5BAA9102434859F003FDD31 /* Model */ = {
			isa = PBXGroup;
			children = (
				D5BAA90E2434859A003FDD31 /* AppScheme.swift */,
			);
			path = Model;
			sourceTree = "<group>";
		};
		D5D264A3241D0E29007C72E6 = {
			isa = PBXGroup;
			children = (
				D5D264AE241D0E29007C72E6 /* Rent95 */,
				D5D264AD241D0E29007C72E6 /* Products */,
				461B7C53D00B55209018D901 /* Pods */,
				257C5BF1164E63BB271A1AB6 /* Frameworks */,
			);
			sourceTree = "<group>";
		};
		D5D264AD241D0E29007C72E6 /* Products */ = {
			isa = PBXGroup;
			children = (
				D5D264AC241D0E29007C72E6 /* Rent95.app */,
			);
			name = Products;
			sourceTree = "<group>";
		};
		D5D264AE241D0E29007C72E6 /* Rent95 */ = {
			isa = PBXGroup;
			children = (
				D5D264AF241D0E29007C72E6 /* AppDelegate.swift */,
				D5D264B1241D0E29007C72E6 /* SceneDelegate.swift */,
				D5880C5A24347B9400F48C94 /* Service */,
				D5BAA9102434859F003FDD31 /* Model */,
				D5880C5B24347BA300F48C94 /* Controller */,
				D5880C5924347B1100F48C94 /* View */,
				D5D264B5241D0E29007C72E6 /* Main.storyboard */,
				D5D264C7241D113C007C72E6 /* Localizable.strings */,
				D5D264B8241D0E2A007C72E6 /* Assets.xcassets */,
				D5D264BA241D0E2A007C72E6 /* LaunchScreen.storyboard */,
				D56FAC6E241D1D540062E4A2 /* GoogleService-Info.plist */,
				D5D264BD241D0E2A007C72E6 /* Info.plist */,
			);
			path = Rent95;
			sourceTree = "<group>";
		};
/* End PBXGroup section */

/* Begin PBXNativeTarget section */
		D5D264AB241D0E29007C72E6 /* Rent95 */ = {
			isa = PBXNativeTarget;
			buildConfigurationList = D5D264C0241D0E2A007C72E6 /* Build configuration list for PBXNativeTarget "Rent95" */;
			buildPhases = (
				E1E8446B2FE2F9298DA0315C /* [CP] Check Pods Manifest.lock */,
				D5D264A8241D0E29007C72E6 /* Sources */,
				D5D264A9241D0E29007C72E6 /* Frameworks */,
				D5D264AA241D0E29007C72E6 /* Resources */,
				5AAEF36DF7EEA166E3D0BB5A /* [CP] Embed Pods Frameworks */,
			);
			buildRules = (
			);
			dependencies = (
			);
			name = Rent95;
			productName = Rent95;
			productReference = D5D264AC241D0E29007C72E6 /* Rent95.app */;
			productType = "com.apple.product-type.application";
		};
/* End PBXNativeTarget section */

/* Begin PBXProject section */
		D5D264A4241D0E29007C72E6 /* Project object */ = {
			isa = PBXProject;
			attributes = {
				LastSwiftUpdateCheck = 1130;
				LastUpgradeCheck = 1130;
				ORGANIZATIONNAME = "Vadym Slobodianiuk";
				TargetAttributes = {
					D5D264AB241D0E29007C72E6 = {
						CreatedOnToolsVersion = 11.3.1;
					};
				};
			};
			buildConfigurationList = D5D264A7241D0E29007C72E6 /* Build configuration list for PBXProject "Rent95" */;
			compatibilityVersion = "Xcode 9.3";
			developmentRegion = en;
			hasScannedForEncodings = 0;
			knownRegions = (
				en,
				Base,
				ru,
				uk,
			);
			mainGroup = D5D264A3241D0E29007C72E6;
			productRefGroup = D5D264AD241D0E29007C72E6 /* Products */;
			projectDirPath = "";
			projectRoot = "";
			targets = (
				D5D264AB241D0E29007C72E6 /* Rent95 */,
			);
		};
/* End PBXProject section */

/* Begin PBXResourcesBuildPhase section */
		D5D264AA241D0E29007C72E6 /* Resources */ = {
			isa = PBXResourcesBuildPhase;
			buildActionMask = 2147483647;
			files = (
				D5D264BC241D0E2A007C72E6 /* LaunchScreen.storyboard in Resources */,
				D5D264C5241D113C007C72E6 /* Localizable.strings in Resources */,
				D56FAC6F241D1D540062E4A2 /* GoogleService-Info.plist in Resources */,
				D5D264B9241D0E2A007C72E6 /* Assets.xcassets in Resources */,
				D5D264B7241D0E29007C72E6 /* Main.storyboard in Resources */,
			);
			runOnlyForDeploymentPostprocessing = 0;
		};
/* End PBXResourcesBuildPhase section */

/* Begin PBXShellScriptBuildPhase section */
		5AAEF36DF7EEA166E3D0BB5A /* [CP] Embed Pods Frameworks */ = {
			isa = PBXShellScriptBuildPhase;
			buildActionMask = 2147483647;
			files = (
			);
			inputFileListPaths = (
				"${PODS_ROOT}/Target Support Files/Pods-Rent95/Pods-Rent95-frameworks-${CONFIGURATION}-input-files.xcfilelist",
			);
			name = "[CP] Embed Pods Frameworks";
			outputFileListPaths = (
				"${PODS_ROOT}/Target Support Files/Pods-Rent95/Pods-Rent95-frameworks-${CONFIGURATION}-output-files.xcfilelist",
			);
			runOnlyForDeploymentPostprocessing = 0;
			shellPath = /bin/sh;
			shellScript = "\"${PODS_ROOT}/Target Support Files/Pods-Rent95/Pods-Rent95-frameworks.sh\"\n";
			showEnvVarsInLog = 0;
		};
		E1E8446B2FE2F9298DA0315C /* [CP] Check Pods Manifest.lock */ = {
			isa = PBXShellScriptBuildPhase;
			buildActionMask = 2147483647;
			files = (
			);
			inputFileListPaths = (
			);
			inputPaths = (
				"${PODS_PODFILE_DIR_PATH}/Podfile.lock",
				"${PODS_ROOT}/Manifest.lock",
			);
			name = "[CP] Check Pods Manifest.lock";
			outputFileListPaths = (
			);
			outputPaths = (
				"$(DERIVED_FILE_DIR)/Pods-Rent95-checkManifestLockResult.txt",
			);
			runOnlyForDeploymentPostprocessing = 0;
			shellPath = /bin/sh;
			shellScript = "diff \"${PODS_PODFILE_DIR_PATH}/Podfile.lock\" \"${PODS_ROOT}/Manifest.lock\" > /dev/null\nif [ $? != 0 ] ; then\n    # print error to STDERR\n    echo \"error: The sandbox is not in sync with the Podfile.lock. Run 'pod install' or update your CocoaPods installation.\" >&2\n    exit 1\nfi\n# This output is used by Xcode 'outputs' to avoid re-running this script phase.\necho \"SUCCESS\" > \"${SCRIPT_OUTPUT_FILE_0}\"\n";
			showEnvVarsInLog = 0;
		};
/* End PBXShellScriptBuildPhase section */

/* Begin PBXSourcesBuildPhase section */
		D5D264A8241D0E29007C72E6 /* Sources */ = {
			isa = PBXSourcesBuildPhase;
			buildActionMask = 2147483647;
			files = (
				D5D264CD241D16E0007C72E6 /* CustomUIButton.swift in Sources */,
				D5D264CF241D1714007C72E6 /* CustomUIView.swift in Sources */,
				D5D264B4241D0E29007C72E6 /* ViewController.swift in Sources */,
				D5BAA90F2434859A003FDD31 /* AppScheme.swift in Sources */,
				D5D264D5241D178C007C72E6 /* InternetViewController.swift in Sources */,
				D5D264B0241D0E29007C72E6 /* AppDelegate.swift in Sources */,
				D5BAA912243486E6003FDD31 /* AppNavigation.swift in Sources */,
				D5D264B2241D0E29007C72E6 /* SceneDelegate.swift in Sources */,
			);
			runOnlyForDeploymentPostprocessing = 0;
		};
/* End PBXSourcesBuildPhase section */

/* Begin PBXVariantGroup section */
		D5D264B5241D0E29007C72E6 /* Main.storyboard */ = {
			isa = PBXVariantGroup;
			children = (
				D5D264B6241D0E29007C72E6 /* Base */,
				D5D264D6241D1A0F007C72E6 /* ru */,
				D5D264D8241D1A22007C72E6 /* uk */,
			);
			name = Main.storyboard;
			sourceTree = "<group>";
		};
		D5D264BA241D0E2A007C72E6 /* LaunchScreen.storyboard */ = {
			isa = PBXVariantGroup;
			children = (
				D5D264BB241D0E2A007C72E6 /* Base */,
			);
			name = LaunchScreen.storyboard;
			sourceTree = "<group>";
		};
		D5D264C7241D113C007C72E6 /* Localizable.strings */ = {
			isa = PBXVariantGroup;
			children = (
				D5D264C6241D113C007C72E6 /* en */,
				D5D264D7241D1A0F007C72E6 /* ru */,
				D5D264D9241D1A22007C72E6 /* uk */,
			);
			name = Localizable.strings;
			sourceTree = "<group>";
		};
/* End PBXVariantGroup section */

/* Begin XCBuildConfiguration section */
		D5D264BE241D0E2A007C72E6 /* Debug */ = {
			isa = XCBuildConfiguration;
			buildSettings = {
				ALWAYS_SEARCH_USER_PATHS = NO;
				CLANG_ANALYZER_LOCALIZABILITY_NONLOCALIZED = YES;
				CLANG_ANALYZER_NONNULL = YES;
				CLANG_ANALYZER_NUMBER_OBJECT_CONVERSION = YES_AGGRESSIVE;
				CLANG_CXX_LANGUAGE_STANDARD = "gnu++14";
				CLANG_CXX_LIBRARY = "libc++";
				CLANG_ENABLE_MODULES = YES;
				CLANG_ENABLE_OBJC_ARC = YES;
				CLANG_ENABLE_OBJC_WEAK = YES;
				CLANG_WARN_BLOCK_CAPTURE_AUTORELEASING = YES;
				CLANG_WARN_BOOL_CONVERSION = YES;
				CLANG_WARN_COMMA = YES;
				CLANG_WARN_CONSTANT_CONVERSION = YES;
				CLANG_WARN_DEPRECATED_OBJC_IMPLEMENTATIONS = YES;
				CLANG_WARN_DIRECT_OBJC_ISA_USAGE = YES_ERROR;
				CLANG_WARN_DOCUMENTATION_COMMENTS = YES;
				CLANG_WARN_EMPTY_BODY = YES;
				CLANG_WARN_ENUM_CONVERSION = YES;
				CLANG_WARN_INFINITE_RECURSION = YES;
				CLANG_WARN_INT_CONVERSION = YES;
				CLANG_WARN_NON_LITERAL_NULL_CONVERSION = YES;
				CLANG_WARN_OBJC_IMPLICIT_RETAIN_SELF = YES;
				CLANG_WARN_OBJC_LITERAL_CONVERSION = YES;
				CLANG_WARN_OBJC_ROOT_CLASS = YES_ERROR;
				CLANG_WARN_RANGE_LOOP_ANALYSIS = YES;
				CLANG_WARN_STRICT_PROTOTYPES = YES;
				CLANG_WARN_SUSPICIOUS_MOVE = YES;
				CLANG_WARN_UNGUARDED_AVAILABILITY = YES_AGGRESSIVE;
				CLANG_WARN_UNREACHABLE_CODE = YES;
				CLANG_WARN__DUPLICATE_METHOD_MATCH = YES;
				COPY_PHASE_STRIP = NO;
				DEBUG_INFORMATION_FORMAT = dwarf;
				ENABLE_STRICT_OBJC_MSGSEND = YES;
				ENABLE_TESTABILITY = YES;
				GCC_C_LANGUAGE_STANDARD = gnu11;
				GCC_DYNAMIC_NO_PIC = NO;
				GCC_NO_COMMON_BLOCKS = YES;
				GCC_OPTIMIZATION_LEVEL = 0;
				GCC_PREPROCESSOR_DEFINITIONS = (
					"DEBUG=1",
					"$(inherited)",
				);
				GCC_WARN_64_TO_32_BIT_CONVERSION = YES;
				GCC_WARN_ABOUT_RETURN_TYPE = YES_ERROR;
				GCC_WARN_UNDECLARED_SELECTOR = YES;
				GCC_WARN_UNINITIALIZED_AUTOS = YES_AGGRESSIVE;
				GCC_WARN_UNUSED_FUNCTION = YES;
				GCC_WARN_UNUSED_VARIABLE = YES;
				IPHONEOS_DEPLOYMENT_TARGET = 13.2;
				MTL_ENABLE_DEBUG_INFO = INCLUDE_SOURCE;
				MTL_FAST_MATH = YES;
				ONLY_ACTIVE_ARCH = YES;
				SDKROOT = iphoneos;
				SWIFT_ACTIVE_COMPILATION_CONDITIONS = DEBUG;
				SWIFT_OPTIMIZATION_LEVEL = "-Onone";
			};
			name = Debug;
		};
		D5D264BF241D0E2A007C72E6 /* Release */ = {
			isa = XCBuildConfiguration;
			buildSettings = {
				ALWAYS_SEARCH_USER_PATHS = NO;
				CLANG_ANALYZER_LOCALIZABILITY_NONLOCALIZED = YES;
				CLANG_ANALYZER_NONNULL = YES;
				CLANG_ANALYZER_NUMBER_OBJECT_CONVERSION = YES_AGGRESSIVE;
				CLANG_CXX_LANGUAGE_STANDARD = "gnu++14";
				CLANG_CXX_LIBRARY = "libc++";
				CLANG_ENABLE_MODULES = YES;
				CLANG_ENABLE_OBJC_ARC = YES;
				CLANG_ENABLE_OBJC_WEAK = YES;
				CLANG_WARN_BLOCK_CAPTURE_AUTORELEASING = YES;
				CLANG_WARN_BOOL_CONVERSION = YES;
				CLANG_WARN_COMMA = YES;
				CLANG_WARN_CONSTANT_CONVERSION = YES;
				CLANG_WARN_DEPRECATED_OBJC_IMPLEMENTATIONS = YES;
				CLANG_WARN_DIRECT_OBJC_ISA_USAGE = YES_ERROR;
				CLANG_WARN_DOCUMENTATION_COMMENTS = YES;
				CLANG_WARN_EMPTY_BODY = YES;
				CLANG_WARN_ENUM_CONVERSION = YES;
				CLANG_WARN_INFINITE_RECURSION = YES;
				CLANG_WARN_INT_CONVERSION = YES;
				CLANG_WARN_NON_LITERAL_NULL_CONVERSION = YES;
				CLANG_WARN_OBJC_IMPLICIT_RETAIN_SELF = YES;
				CLANG_WARN_OBJC_LITERAL_CONVERSION = YES;
				CLANG_WARN_OBJC_ROOT_CLASS = YES_ERROR;
				CLANG_WARN_RANGE_LOOP_ANALYSIS = YES;
				CLANG_WARN_STRICT_PROTOTYPES = YES;
				CLANG_WARN_SUSPICIOUS_MOVE = YES;
				CLANG_WARN_UNGUARDED_AVAILABILITY = YES_AGGRESSIVE;
				CLANG_WARN_UNREACHABLE_CODE = YES;
				CLANG_WARN__DUPLICATE_METHOD_MATCH = YES;
				COPY_PHASE_STRIP = NO;
				DEBUG_INFORMATION_FORMAT = "dwarf-with-dsym";
				ENABLE_NS_ASSERTIONS = NO;
				ENABLE_STRICT_OBJC_MSGSEND = YES;
				GCC_C_LANGUAGE_STANDARD = gnu11;
				GCC_NO_COMMON_BLOCKS = YES;
				GCC_WARN_64_TO_32_BIT_CONVERSION = YES;
				GCC_WARN_ABOUT_RETURN_TYPE = YES_ERROR;
				GCC_WARN_UNDECLARED_SELECTOR = YES;
				GCC_WARN_UNINITIALIZED_AUTOS = YES_AGGRESSIVE;
				GCC_WARN_UNUSED_FUNCTION = YES;
				GCC_WARN_UNUSED_VARIABLE = YES;
				IPHONEOS_DEPLOYMENT_TARGET = 13.2;
				MTL_ENABLE_DEBUG_INFO = NO;
				MTL_FAST_MATH = YES;
				SDKROOT = iphoneos;
				SWIFT_COMPILATION_MODE = wholemodule;
				SWIFT_OPTIMIZATION_LEVEL = "-O";
				VALIDATE_PRODUCT = YES;
			};
			name = Release;
		};
		D5D264C1241D0E2A007C72E6 /* Debug */ = {
			isa = XCBuildConfiguration;
			baseConfigurationReference = D595533C4F9690A9AC99BB8D /* Pods-Rent95.debug.xcconfig */;
			buildSettings = {
				ASSETCATALOG_COMPILER_APPICON_NAME = AppIcon;
				CODE_SIGN_STYLE = Automatic;
				DEVELOPMENT_TEAM = KVLZH7HMMQ;
				INFOPLIST_FILE = Rent95/Info.plist;
				IPHONEOS_DEPLOYMENT_TARGET = 12.0;
				LD_RUNPATH_SEARCH_PATHS = (
					"$(inherited)",
					"@executable_path/Frameworks",
				);
				PRODUCT_BUNDLE_IDENTIFIER = v.slobodianiuk.Rent95release;
				PRODUCT_NAME = "$(TARGET_NAME)";
				SWIFT_VERSION = 5.0;
				TARGETED_DEVICE_FAMILY = "1,2";
			};
			name = Debug;
		};
		D5D264C2241D0E2A007C72E6 /* Release */ = {
			isa = XCBuildConfiguration;
			baseConfigurationReference = D25B20554E7CA3238E2F7433 /* Pods-Rent95.release.xcconfig */;
			buildSettings = {
				ASSETCATALOG_COMPILER_APPICON_NAME = AppIcon;
				CODE_SIGN_STYLE = Automatic;
				DEVELOPMENT_TEAM = KVLZH7HMMQ;
				INFOPLIST_FILE = Rent95/Info.plist;
				IPHONEOS_DEPLOYMENT_TARGET = 12.0;
				LD_RUNPATH_SEARCH_PATHS = (
					"$(inherited)",
					"@executable_path/Frameworks",
				);
				PRODUCT_BUNDLE_IDENTIFIER = v.slobodianiuk.Rent95release;
				PRODUCT_NAME = "$(TARGET_NAME)";
				SWIFT_VERSION = 5.0;
				TARGETED_DEVICE_FAMILY = "1,2";
			};
			name = Release;
		};
/* End XCBuildConfiguration section */

/* Begin XCConfigurationList section */
		D5D264A7241D0E29007C72E6 /* Build configuration list for PBXProject "Rent95" */ = {
			isa = XCConfigurationList;
			buildConfigurations = (
				D5D264BE241D0E2A007C72E6 /* Debug */,
				D5D264BF241D0E2A007C72E6 /* Release */,
			);
			defaultConfigurationIsVisible = 0;
			defaultConfigurationName = Release;
		};
		D5D264C0241D0E2A007C72E6 /* Build configuration list for PBXNativeTarget "Rent95" */ = {
			isa = XCConfigurationList;
			buildConfigurations = (
				D5D264C1241D0E2A007C72E6 /* Debug */,
				D5D264C2241D0E2A007C72E6 /* Release */,
			);
			defaultConfigurationIsVisible = 0;
			defaultConfigurationName = Release;
		};
/* End XCConfigurationList section */
	};
	rootObject = D5D264A4241D0E29007C72E6 /* Project object */;
}
